
Microsoft Visual Studio Solution File, Format Version 12.00
# Visual Studio 15
VisualStudioVersion = 15.0.27004.2008
MinimumVisualStudioVersion = 10.0.40219.1
Project("{FAE04EC0-301F-11D3-BF4B-00C04F79EFBC}") = "AspNetCoreAngular4To5", "AspNetCoreAngular4To5\AspNetCoreAngular4To5.csproj", "{B33E0B78-DECB-48F9-BE38-E5B10BC333DC}"
EndProject
Global
	GlobalSection(SolutionConfigurationPlatforms) = preSolution
		Debug|Any CPU = Debug|Any CPU
		Release|Any CPU = Release|Any CPU
	EndGlobalSection
	GlobalSection(ProjectConfigurationPlatforms) = postSolution
		{B33E0B78-DECB-48F9-BE38-E5B10BC333DC}.Debug|Any CPU.ActiveCfg = Debug|Any CPU
		{B33E0B78-DECB-48F9-BE38-E5B10BC333DC}.Debug|Any CPU.Build.0 = Debug|Any CPU
		{B33E0B78-DECB-48F9-BE38-E5B10BC333DC}.Release|Any CPU.ActiveCfg = Release|Any CPU
		{B33E0B78-DECB-48F9-BE38-E5B10BC333DC}.Release|Any CPU.Build.0 = Release|Any CPU
	EndGlobalSection
	GlobalSection(SolutionProperties) = preSolution
		HideSolutionNode = FALSE
	EndGlobalSection
	GlobalSection(ExtensibilityGlobals) = postSolution
		SolutionGuid = {F3D7BB5C-644D-47F3-B37D-C7B5C879CEB0}
	EndGlobalSection
EndGlobal
